{
  "name": "typescript-workshop-2019",
  "version": "1.0.0",
  "lockfileVersion": 1,
  "requires": true,
  "dependencies": {
    "arg": {
      "version": "4.1.1",
      "resolved": "http://artprod.dev.bloomberg.com/artifactory/api/npm/npm-repos/arg/-/arg-4.1.1.tgz",
      "integrity": "sha1-SF+OfDkM5MX3glfb6oDUvhH+2kw="
    },
    "buffer-from": {
      "version": "1.1.1",
      "resolved": "http://artprod.dev.bloomberg.com/artifactory/api/npm/npm-repos/buffer-from/-/buffer-from-1.1.1.tgz",
      "integrity": "sha1-MnE7wCj3XAL9txDXx7zsHyxgcO8="
    },
    "diff": {
      "version": "4.0.1",
      "resolved": "http://artprod.dev.bloomberg.com/artifactory/api/npm/npm-repos/diff/-/diff-4.0.1.tgz",
      "integrity": "sha1-DGZ8tGfru1zqfxTxNcwtuneAqP8="
    },
    "make-error": {
      "version": "1.3.5",
      "resolved": "http://artprod.dev.bloomberg.com/artifactory/api/npm/npm-repos/make-error/-/make-error-1.3.5.tgz",
      "integrity": "sha1-7+ToH22yjK3WBccPKcgxtY73dsg="
    },
    "source-map": {
      "version": "0.6.1",
      "resolved": "http://artprod.dev.bloomberg.com/artifactory/api/npm/npm-repos/source-map/-/source-map-0.6.1.tgz",
      "integrity": "sha1-dHIq8y6WFOnCh6jQu95IteLxomM="
    },
    "source-map-support": {
      "version": "0.5.13",
      "resolved": "http://artprod.dev.bloomberg.com/artifactory/api/npm/npm-repos/source-map-support/-/source-map-support-0.5.13.tgz",
      "integrity": "sha1-MbJKnC5zwt6FBmwP631Edn7VKTI=",
      "requires": {
        "buffer-from": "^1.0.0",
        "source-map": "^0.6.0"
      }
    },
    "ts-node": {
      "version": "8.4.1",
      "resolved": "http://artprod.dev.bloomberg.com/artifactory/api/npm/npm-repos/ts-node/-/ts-node-8.4.1.tgz",
      "integrity": "sha1-JwsNuhbocjyfpPm0d104EP2ZS08=",
      "requires": {
        "arg": "^4.1.0",
        "diff": "^4.0.1",
        "make-error": "^1.1.1",
        "source-map-support": "^0.5.6",
        "yn": "^3.0.0"
      }
    },
    "typescript": {
      "version": "3.6.3",
      "resolved": "http://artprod.dev.bloomberg.com/artifactory/api/npm/npm-repos/typescript/-/typescript-3.6.3.tgz",
      "integrity": "sha1-/qlC+rsg9+HKcWT/Ym8anz9wtNo="
    },
    "yn": {
      "version": "3.1.1",
      "resolved": "http://artprod.dev.bloomberg.com/artifactory/api/npm/npm-repos/yn/-/yn-3.1.1.tgz",
      "integrity": "sha1-HodAGgnXZ8HV6rJqbkwYUYLS61A="
    }
  }
}
